// !$*UTF8*$!
{
	archiveVersion = 1;
	classes = {
	};
	objectVersion = 50;
	objects = {

/* Begin PBXBuildFile section */
		15A1FB126C777EA2E412A861 /* Pods_InstaParse.framework in Frameworks */ = {isa = PBXBuildFile; fileRef = 4DEED7DF90F68944858D98D3 /* Pods_InstaParse.framework */; };
		6F661611223C64E600F167AE /* AppDelegate.swift in Sources */ = {isa = PBXBuildFile; fileRef = 6F661610223C64E600F167AE /* AppDelegate.swift */; };
		6F661616223C64E600F167AE /* Main.storyboard in Resources */ = {isa = PBXBuildFile; fileRef = 6F661614223C64E600F167AE /* Main.storyboard */; };
		6F661618223C64EB00F167AE /* Assets.xcassets in Resources */ = {isa = PBXBuildFile; fileRef = 6F661617223C64EB00F167AE /* Assets.xcassets */; };
		6F66161B223C64EB00F167AE /* LaunchScreen.storyboard in Resources */ = {isa = PBXBuildFile; fileRef = 6F661619223C64EB00F167AE /* LaunchScreen.storyboard */; };
		6F661626223C64EB00F167AE /* InstaParseTests.swift in Sources */ = {isa = PBXBuildFile; fileRef = 6F661625223C64EB00F167AE /* InstaParseTests.swift */; };
		6F661631223C64EB00F167AE /* InstaParseUITests.swift in Sources */ = {isa = PBXBuildFile; fileRef = 6F661630223C64EB00F167AE /* InstaParseUITests.swift */; };
		6F91D36C22483B45008ABE6C /* CameraViewController.swift in Sources */ = {isa = PBXBuildFile; fileRef = 6F91D36B22483B45008ABE6C /* CameraViewController.swift */; };
		6F91D36E2248C0CA008ABE6C /* PostCell.swift in Sources */ = {isa = PBXBuildFile; fileRef = 6F91D36D2248C0CA008ABE6C /* PostCell.swift */; };
		6FCBC14522476CB300525FD8 /* LoginViewController.swift in Sources */ = {isa = PBXBuildFile; fileRef = 6FCBC14422476CB300525FD8 /* LoginViewController.swift */; };
		6FCBC14722476CBF00525FD8 /* FeedViewController.swift in Sources */ = {isa = PBXBuildFile; fileRef = 6FCBC14622476CBF00525FD8 /* FeedViewController.swift */; };
		840A9295EF6C094162712D8D /* Pods_InstaParseTests.framework in Frameworks */ = {isa = PBXBuildFile; fileRef = 248B1845F1487ACFBC12C599 /* Pods_InstaParseTests.framework */; };
		B6ABD3B9071D4824A4F70A53 /* Pods_InstaParseUITests.framework in Frameworks */ = {isa = PBXBuildFile; fileRef = 1A225A56789859503C7FA6A4 /* Pods_InstaParseUITests.framework */; };
/* End PBXBuildFile section */

/* Begin PBXContainerItemProxy section */
		6F661622223C64EB00F167AE /* PBXContainerItemProxy */ = {
			isa = PBXContainerItemProxy;
			containerPortal = 6F661605223C64E600F167AE /* Project object */;
			proxyType = 1;
			remoteGlobalIDString = 6F66160C223C64E600F167AE;
			remoteInfo = InstaParse;
		};
		6F66162D223C64EB00F167AE /* PBXContainerItemProxy */ = {
			isa = PBXContainerItemProxy;
			containerPortal = 6F661605223C64E600F167AE /* Project object */;
			proxyType = 1;
			remoteGlobalIDString = 6F66160C223C64E600F167AE;
			remoteInfo = InstaParse;
		};
/* End PBXContainerItemProxy section */

/* Begin PBXFileReference section */
		024C6EAEF4A10873C5EA6EE5 /* Pods-InstaParseUITests.release.xcconfig */ = {isa = PBXFileReference; includeInIndex = 1; lastKnownFileType = text.xcconfig; name = "Pods-InstaParseUITests.release.xcconfig"; path = "Pods/Target Support Files/Pods-InstaParseUITests/Pods-InstaParseUITests.release.xcconfig"; sourceTree = "<group>"; };
		1A225A56789859503C7FA6A4 /* Pods_InstaParseUITests.framework */ = {isa = PBXFileReference; explicitFileType = wrapper.framework; includeInIndex = 0; path = Pods_InstaParseUITests.framework; sourceTree = BUILT_PRODUCTS_DIR; };
		248B1845F1487ACFBC12C599 /* Pods_InstaParseTests.framework */ = {isa = PBXFileReference; explicitFileType = wrapper.framework; includeInIndex = 0; path = Pods_InstaParseTests.framework; sourceTree = BUILT_PRODUCTS_DIR; };
		4594D6B93794EBF6A327F3A8 /* Pods-InstaParse.debug.xcconfig */ = {isa = PBXFileReference; includeInIndex = 1; lastKnownFileType = text.xcconfig; name = "Pods-InstaParse.debug.xcconfig"; path = "Pods/Target Support Files/Pods-InstaParse/Pods-InstaParse.debug.xcconfig"; sourceTree = "<group>"; };
		4DEED7DF90F68944858D98D3 /* Pods_InstaParse.framework */ = {isa = PBXFileReference; explicitFileType = wrapper.framework; includeInIndex = 0; path = Pods_InstaParse.framework; sourceTree = BUILT_PRODUCTS_DIR; };
		6F66160D223C64E600F167AE /* InstaParse.app */ = {isa = PBXFileReference; explicitFileType = wrapper.application; includeInIndex = 0; path = InstaParse.app; sourceTree = BUILT_PRODUCTS_DIR; };
		6F661610223C64E600F167AE /* AppDelegate.swift */ = {isa = PBXFileReference; lastKnownFileType = sourcecode.swift; path = AppDelegate.swift; sourceTree = "<group>"; };
		6F661615223C64E600F167AE /* Base */ = {isa = PBXFileReference; lastKnownFileType = file.storyboard; name = Base; path = Base.lproj/Main.storyboard; sourceTree = "<group>"; };
		6F661617223C64EB00F167AE /* Assets.xcassets */ = {isa = PBXFileReference; lastKnownFileType = folder.assetcatalog; path = Assets.xcassets; sourceTree = "<group>"; };
		6F66161A223C64EB00F167AE /* Base */ = {isa = PBXFileReference; lastKnownFileType = file.storyboard; name = Base; path = Base.lproj/LaunchScreen.storyboard; sourceTree = "<group>"; };
		6F66161C223C64EB00F167AE /* Info.plist */ = {isa = PBXFileReference; lastKnownFileType = text.plist.xml; path = Info.plist; sourceTree = "<group>"; };
		6F661621223C64EB00F167AE /* InstaParseTests.xctest */ = {isa = PBXFileReference; explicitFileType = wrapper.cfbundle; includeInIndex = 0; path = InstaParseTests.xctest; sourceTree = BUILT_PRODUCTS_DIR; };
		6F661625223C64EB00F167AE /* InstaParseTests.swift */ = {isa = PBXFileReference; lastKnownFileType = sourcecode.swift; path = InstaParseTests.swift; sourceTree = "<group>"; };
		6F661627223C64EB00F167AE /* Info.plist */ = {isa = PBXFileReference; lastKnownFileType = text.plist.xml; path = Info.plist; sourceTree = "<group>"; };
		6F66162C223C64EB00F167AE /* InstaParseUITests.xctest */ = {isa = PBXFileReference; explicitFileType = wrapper.cfbundle; includeInIndex = 0; path = InstaParseUITests.xctest; sourceTree = BUILT_PRODUCTS_DIR; };
		6F661630223C64EB00F167AE /* InstaParseUITests.swift */ = {isa = PBXFileReference; lastKnownFileType = sourcecode.swift; path = InstaParseUITests.swift; sourceTree = "<group>"; };
		6F661632223C64EB00F167AE /* Info.plist */ = {isa = PBXFileReference; lastKnownFileType = text.plist.xml; path = Info.plist; sourceTree = "<group>"; };
		6F91D36B22483B45008ABE6C /* CameraViewController.swift */ = {isa = PBXFileReference; lastKnownFileType = sourcecode.swift; path = CameraViewController.swift; sourceTree = "<group>"; };
		6F91D36D2248C0CA008ABE6C /* PostCell.swift */ = {isa = PBXFileReference; lastKnownFileType = sourcecode.swift; path = PostCell.swift; sourceTree = "<group>"; };
		6FCBC14422476CB300525FD8 /* LoginViewController.swift */ = {isa = PBXFileReference; lastKnownFileType = sourcecode.swift; path = LoginViewController.swift; sourceTree = "<group>"; };
		6FCBC14622476CBF00525FD8 /* FeedViewController.swift */ = {isa = PBXFileReference; lastKnownFileType = sourcecode.swift; path = FeedViewController.swift; sourceTree = "<group>"; };
		7AB0F352680C46116FE0BAB7 /* Pods-InstaParseUITests.debug.xcconfig */ = {isa = PBXFileReference; includeInIndex = 1; lastKnownFileType = text.xcconfig; name = "Pods-InstaParseUITests.debug.xcconfig"; path = "Pods/Target Support Files/Pods-InstaParseUITests/Pods-InstaParseUITests.debug.xcconfig"; sourceTree = "<group>"; };
		B9459E3088260381DFCFF0DB /* Pods-InstaParseTests.debug.xcconfig */ = {isa = PBXFileReference; includeInIndex = 1; lastKnownFileType = text.xcconfig; name = "Pods-InstaParseTests.debug.xcconfig"; path = "Pods/Target Support Files/Pods-InstaParseTests/Pods-InstaParseTests.debug.xcconfig"; sourceTree = "<group>"; };
		DC4C9166D4E5B9DD0ADC37D6 /* Pods-InstaParseTests.release.xcconfig */ = {isa = PBXFileReference; includeInIndex = 1; lastKnownFileType = text.xcconfig; name = "Pods-InstaParseTests.release.xcconfig"; path = "Pods/Target Support Files/Pods-InstaParseTests/Pods-InstaParseTests.release.xcconfig"; sourceTree = "<group>"; };
		FC4E3846D2A172CE6F4E6A53 /* Pods-InstaParse.release.xcconfig */ = {isa = PBXFileReference; includeInIndex = 1; lastKnownFileType = text.xcconfig; name = "Pods-InstaParse.release.xcconfig"; path = "Pods/Target Support Files/Pods-InstaParse/Pods-InstaParse.release.xcconfig"; sourceTree = "<group>"; };
/* End PBXFileReference section */

/* Begin PBXFrameworksBuildPhase section */
		6F66160A223C64E600F167AE /* Frameworks */ = {
			isa = PBXFrameworksBuildPhase;
			buildActionMask = 2147483647;
			files = (
				15A1FB126C777EA2E412A861 /* Pods_InstaParse.framework in Frameworks */,
			);
			runOnlyForDeploymentPostprocessing = 0;
		};
		6F66161E223C64EB00F167AE /* Frameworks */ = {
			isa = PBXFrameworksBuildPhase;
			buildActionMask = 2147483647;
			files = (
				840A9295EF6C094162712D8D /* Pods_InstaParseTests.framework in Frameworks */,
			);
			runOnlyForDeploymentPostprocessing = 0;
		};
		6F661629223C64EB00F167AE /* Frameworks */ = {
			isa = PBXFrameworksBuildPhase;
			buildActionMask = 2147483647;
			files = (
				B6ABD3B9071D4824A4F70A53 /* Pods_InstaParseUITests.framework in Frameworks */,
			);
			runOnlyForDeploymentPostprocessing = 0;
		};
/* End PBXFrameworksBuildPhase section */

/* Begin PBXGroup section */
		3D201F61D904CFFB96DB2567 /* Pods */ = {
			isa = PBXGroup;
			children = (
				4594D6B93794EBF6A327F3A8 /* Pods-InstaParse.debug.xcconfig */,
				FC4E3846D2A172CE6F4E6A53 /* Pods-InstaParse.release.xcconfig */,
				B9459E3088260381DFCFF0DB /* Pods-InstaParseTests.debug.xcconfig */,
				DC4C9166D4E5B9DD0ADC37D6 /* Pods-InstaParseTests.release.xcconfig */,
				7AB0F352680C46116FE0BAB7 /* Pods-InstaParseUITests.debug.xcconfig */,
				024C6EAEF4A10873C5EA6EE5 /* Pods-InstaParseUITests.release.xcconfig */,
			);
			name = Pods;
			sourceTree = "<group>";
		};
		6F661604223C64E600F167AE = {
			isa = PBXGroup;
			children = (
				6F66160F223C64E600F167AE /* InstaParse */,
				6F661624223C64EB00F167AE /* InstaParseTests */,
				6F66162F223C64EB00F167AE /* InstaParseUITests */,
				6F66160E223C64E600F167AE /* Products */,
				3D201F61D904CFFB96DB2567 /* Pods */,
				9B3A9245F09EB7A526A362F3 /* Frameworks */,
			);
			sourceTree = "<group>";
		};
		6F66160E223C64E600F167AE /* Products */ = {
			isa = PBXGroup;
			children = (
				6F66160D223C64E600F167AE /* InstaParse.app */,
				6F661621223C64EB00F167AE /* InstaParseTests.xctest */,
				6F66162C223C64EB00F167AE /* InstaParseUITests.xctest */,
			);
			name = Products;
			sourceTree = "<group>";
		};
		6F66160F223C64E600F167AE /* InstaParse */ = {
			isa = PBXGroup;
			children = (
				6F661610223C64E600F167AE /* AppDelegate.swift */,
				6F661614223C64E600F167AE /* Main.storyboard */,
				6F661617223C64EB00F167AE /* Assets.xcassets */,
				6F661619223C64EB00F167AE /* LaunchScreen.storyboard */,
				6F66161C223C64EB00F167AE /* Info.plist */,
				6FCBC14422476CB300525FD8 /* LoginViewController.swift */,
				6FCBC14622476CBF00525FD8 /* FeedViewController.swift */,
				6F91D36B22483B45008ABE6C /* CameraViewController.swift */,
				6F91D36D2248C0CA008ABE6C /* PostCell.swift */,
			);
			path = InstaParse;
			sourceTree = "<group>";
		};
		6F661624223C64EB00F167AE /* InstaParseTests */ = {
			isa = PBXGroup;
			children = (
				6F661625223C64EB00F167AE /* InstaParseTests.swift */,
				6F661627223C64EB00F167AE /* Info.plist */,
			);
			path = InstaParseTests;
			sourceTree = "<group>";
		};
		6F66162F223C64EB00F167AE /* InstaParseUITests */ = {
			isa = PBXGroup;
			children = (
				6F661630223C64EB00F167AE /* InstaParseUITests.swift */,
				6F661632223C64EB00F167AE /* Info.plist */,
			);
			path = InstaParseUITests;
			sourceTree = "<group>";
		};
		9B3A9245F09EB7A526A362F3 /* Frameworks */ = {
			isa = PBXGroup;
			children = (
				4DEED7DF90F68944858D98D3 /* Pods_InstaParse.framework */,
				248B1845F1487ACFBC12C599 /* Pods_InstaParseTests.framework */,
				1A225A56789859503C7FA6A4 /* Pods_InstaParseUITests.framework */,
			);
			name = Frameworks;
			sourceTree = "<group>";
		};
/* End PBXGroup section */

/* Begin PBXNativeTarget section */
		6F66160C223C64E600F167AE /* InstaParse */ = {
			isa = PBXNativeTarget;
			buildConfigurationList = 6F661635223C64EB00F167AE /* Build configuration list for PBXNativeTarget "InstaParse" */;
			buildPhases = (
				EBA0410A9576A0088C0D509B /* [CP] Check Pods Manifest.lock */,
				6F661609223C64E600F167AE /* Sources */,
				6F66160A223C64E600F167AE /* Frameworks */,
				6F66160B223C64E600F167AE /* Resources */,
				F4421D1775BF21640BC5FA04 /* [CP] Embed Pods Frameworks */,
			);
			buildRules = (
			);
			dependencies = (
			);
			name = InstaParse;
			productName = InstaParse;
			productReference = 6F66160D223C64E600F167AE /* InstaParse.app */;
			productType = "com.apple.product-type.application";
		};
		6F661620223C64EB00F167AE /* InstaParseTests */ = {
			isa = PBXNativeTarget;
			buildConfigurationList = 6F661638223C64EB00F167AE /* Build configuration list for PBXNativeTarget "InstaParseTests" */;
			buildPhases = (
				866F4A3CB9ACDE4E7662B8BB /* [CP] Check Pods Manifest.lock */,
				6F66161D223C64EB00F167AE /* Sources */,
				6F66161E223C64EB00F167AE /* Frameworks */,
				6F66161F223C64EB00F167AE /* Resources */,
			);
			buildRules = (
			);
			dependencies = (
				6F661623223C64EB00F167AE /* PBXTargetDependency */,
			);
			name = InstaParseTests;
			productName = InstaParseTests;
			productReference = 6F661621223C64EB00F167AE /* InstaParseTests.xctest */;
			productType = "com.apple.product-type.bundle.unit-test";
		};
		6F66162B223C64EB00F167AE /* InstaParseUITests */ = {
			isa = PBXNativeTarget;
			buildConfigurationList = 6F66163B223C64EB00F167AE /* Build configuration list for PBXNativeTarget "InstaParseUITests" */;
			buildPhases = (
				D5F5ED85C06014CB627D5E07 /* [CP] Check Pods Manifest.lock */,
				6F661628223C64EB00F167AE /* Sources */,
				6F661629223C64EB00F167AE /* Frameworks */,
				6F66162A223C64EB00F167AE /* Resources */,
			);
			buildRules = (
			);
			dependencies = (
				6F66162E223C64EB00F167AE /* PBXTargetDependency */,
			);
			name = InstaParseUITests;
			productName = InstaParseUITests;
			productReference = 6F66162C223C64EB00F167AE /* InstaParseUITests.xctest */;
			productType = "com.apple.product-type.bundle.ui-testing";
		};
/* End PBXNativeTarget section */

/* Begin PBXProject section */
		6F661605223C64E600F167AE /* Project object */ = {
			isa = PBXProject;
			attributes = {
				LastSwiftUpdateCheck = 1010;
				LastUpgradeCheck = 1010;
				ORGANIZATIONNAME = "Cagan Sevencan";
				TargetAttributes = {
					6F66160C223C64E600F167AE = {
						CreatedOnToolsVersion = 10.1;
					};
					6F661620223C64EB00F167AE = {
						CreatedOnToolsVersion = 10.1;
						TestTargetID = 6F66160C223C64E600F167AE;
					};
					6F66162B223C64EB00F167AE = {
						CreatedOnToolsVersion = 10.1;
						TestTargetID = 6F66160C223C64E600F167AE;
					};
				};
			};
			buildConfigurationList = 6F661608223C64E600F167AE /* Build configuration list for PBXProject "InstaParse" */;
			compatibilityVersion = "Xcode 9.3";
			developmentRegion = en;
			hasScannedForEncodings = 0;
			knownRegions = (
				en,
				Base,
			);
			mainGroup = 6F661604223C64E600F167AE;
			productRefGroup = 6F66160E223C64E600F167AE /* Products */;
			projectDirPath = "";
			projectRoot = "";
			targets = (
				6F66160C223C64E600F167AE /* InstaParse */,
				6F661620223C64EB00F167AE /* InstaParseTests */,
				6F66162B223C64EB00F167AE /* InstaParseUITests */,
			);
		};
/* End PBXProject section */

/* Begin PBXResourcesBuildPhase section */
		6F66160B223C64E600F167AE /* Resources */ = {
			isa = PBXResourcesBuildPhase;
			buildActionMask = 2147483647;
			files = (
				6F66161B223C64EB00F167AE /* LaunchScreen.storyboard in Resources */,
				6F661618223C64EB00F167AE /* Assets.xcassets in Resources */,
				6F661616223C64E600F167AE /* Main.storyboard in Resources */,
			);
			runOnlyForDeploymentPostprocessing = 0;
		};
		6F66161F223C64EB00F167AE /* Resources */ = {
			isa = PBXResourcesBuildPhase;
			buildActionMask = 2147483647;
			files = (
			);
			runOnlyForDeploymentPostprocessing = 0;
		};
		6F66162A223C64EB00F167AE /* Resources */ = {
			isa = PBXResourcesBuildPhase;
			buildActionMask = 2147483647;
			files = (
			);
			runOnlyForDeploymentPostprocessing = 0;
		};
/* End PBXResourcesBuildPhase section */

/* Begin PBXShellScriptBuildPhase section */
		866F4A3CB9ACDE4E7662B8BB /* [CP] Check Pods Manifest.lock */ = {
			isa = PBXShellScriptBuildPhase;
			buildActionMask = 2147483647;
			files = (
			);
			inputFileListPaths = (
			);
			inputPaths = (
				"${PODS_PODFILE_DIR_PATH}/Podfile.lock",
				"${PODS_ROOT}/Manifest.lock",
			);
			name = "[CP] Check Pods Manifest.lock";
			outputFileListPaths = (
			);
			outputPaths = (
				"$(DERIVED_FILE_DIR)/Pods-InstaParseTests-checkManifestLockResult.txt",
			);
			runOnlyForDeploymentPostprocessing = 0;
			shellPath = /bin/sh;
			shellScript = "diff \"${PODS_PODFILE_DIR_PATH}/Podfile.lock\" \"${PODS_ROOT}/Manifest.lock\" > /dev/null\nif [ $? != 0 ] ; then\n    # print error to STDERR\n    echo \"error: The sandbox is not in sync with the Podfile.lock. Run 'pod install' or update your CocoaPods installation.\" >&2\n    exit 1\nfi\n# This output is used by Xcode 'outputs' to avoid re-running this script phase.\necho \"SUCCESS\" > \"${SCRIPT_OUTPUT_FILE_0}\"\n";
			showEnvVarsInLog = 0;
		};
		D5F5ED85C06014CB627D5E07 /* [CP] Check Pods Manifest.lock */ = {
			isa = PBXShellScriptBuildPhase;
			buildActionMask = 2147483647;
			files = (
			);
			inputFileListPaths = (
			);
			inputPaths = (
				"${PODS_PODFILE_DIR_PATH}/Podfile.lock",
				"${PODS_ROOT}/Manifest.lock",
			);
			name = "[CP] Check Pods Manifest.lock";
			outputFileListPaths = (
			);
			outputPaths = (
				"$(DERIVED_FILE_DIR)/Pods-InstaParseUITests-checkManifestLockResult.txt",
			);
			runOnlyForDeploymentPostprocessing = 0;
			shellPath = /bin/sh;
			shellScript = "diff \"${PODS_PODFILE_DIR_PATH}/Podfile.lock\" \"${PODS_ROOT}/Manifest.lock\" > /dev/null\nif [ $? != 0 ] ; then\n    # print error to STDERR\n    echo \"error: The sandbox is not in sync with the Podfile.lock. Run 'pod install' or update your CocoaPods installation.\" >&2\n    exit 1\nfi\n# This output is used by Xcode 'outputs' to avoid re-running this script phase.\necho \"SUCCESS\" > \"${SCRIPT_OUTPUT_FILE_0}\"\n";
			showEnvVarsInLog = 0;
		};
		EBA0410A9576A0088C0D509B /* [CP] Check Pods Manifest.lock */ = {
			isa = PBXShellScriptBuildPhase;
			buildActionMask = 2147483647;
			files = (
			);
			inputFileListPaths = (
			);
			inputPaths = (
				"${PODS_PODFILE_DIR_PATH}/Podfile.lock",
				"${PODS_ROOT}/Manifest.lock",
			);
			name = "[CP] Check Pods Manifest.lock";
			outputFileListPaths = (
			);
			outputPaths = (
				"$(DERIVED_FILE_DIR)/Pods-InstaParse-checkManifestLockResult.txt",
			);
			runOnlyForDeploymentPostprocessing = 0;
			shellPath = /bin/sh;
			shellScript = "diff \"${PODS_PODFILE_DIR_PATH}/Podfile.lock\" \"${PODS_ROOT}/Manifest.lock\" > /dev/null\nif [ $? != 0 ] ; then\n    # print error to STDERR\n    echo \"error: The sandbox is not in sync with the Podfile.lock. Run 'pod install' or update your CocoaPods installation.\" >&2\n    exit 1\nfi\n# This output is used by Xcode 'outputs' to avoid re-running this script phase.\necho \"SUCCESS\" > \"${SCRIPT_OUTPUT_FILE_0}\"\n";
			showEnvVarsInLog = 0;
		};
		F4421D1775BF21640BC5FA04 /* [CP] Embed Pods Frameworks */ = {
			isa = PBXShellScriptBuildPhase;
			buildActionMask = 2147483647;
			files = (
			);
			inputFileListPaths = (
			);
			inputPaths = (
				"${SRCROOT}/Pods/Target Support Files/Pods-InstaParse/Pods-InstaParse-frameworks.sh",
				"${BUILT_PRODUCTS_DIR}/Alamofire/Alamofire.framework",
				"${BUILT_PRODUCTS_DIR}/AlamofireImage/AlamofireImage.framework",
				"${BUILT_PRODUCTS_DIR}/Bolts/Bolts.framework",
				"${BUILT_PRODUCTS_DIR}/Parse/Parse.framework",
			);
			name = "[CP] Embed Pods Frameworks";
			outputFileListPaths = (
			);
			outputPaths = (
				"${TARGET_BUILD_DIR}/${FRAMEWORKS_FOLDER_PATH}/Alamofire.framework",
				"${TARGET_BUILD_DIR}/${FRAMEWORKS_FOLDER_PATH}/AlamofireImage.framework",
				"${TARGET_BUILD_DIR}/${FRAMEWORKS_FOLDER_PATH}/Bolts.framework",
				"${TARGET_BUILD_DIR}/${FRAMEWORKS_FOLDER_PATH}/Parse.framework",
			);
			runOnlyForDeploymentPostprocessing = 0;
			shellPath = /bin/sh;
			shellScript = "\"${SRCROOT}/Pods/Target Support Files/Pods-InstaParse/Pods-InstaParse-frameworks.sh\"\n";
			showEnvVarsInLog = 0;
		};
/* End PBXShellScriptBuildPhase section */

/* Begin PBXSourcesBuildPhase section */
		6F661609223C64E600F167AE /* Sources */ = {
			isa = PBXSourcesBuildPhase;
			buildActionMask = 2147483647;
			files = (
				6FCBC14522476CB300525FD8 /* LoginViewController.swift in Sources */,
				6F91D36C22483B45008ABE6C /* CameraViewController.swift in Sources */,
				6FCBC14722476CBF00525FD8 /* FeedViewController.swift in Sources */,
				6F661611223C64E600F167AE /* AppDelegate.swift in Sources */,
				6F91D36E2248C0CA008ABE6C /* PostCell.swift in Sources */,
			);
			runOnlyForDeploymentPostprocessing = 0;
		};
		6F66161D223C64EB00F167AE /* Sources */ = {
			isa = PBXSourcesBuildPhase;
			buildActionMask = 2147483647;
			files = (
				6F661626223C64EB00F167AE /* InstaParseTests.swift in Sources */,
			);
			runOnlyForDeploymentPostprocessing = 0;
		};
		6F661628223C64EB00F167AE /* Sources */ = {
			isa = PBXSourcesBuildPhase;
			buildActionMask = 2147483647;
			files = (
				6F661631223C64EB00F167AE /* InstaParseUITests.swift in Sources */,
			);
			runOnlyForDeploymentPostprocessing = 0;
		};
/* End PBXSourcesBuildPhase section */

/* Begin PBXTargetDependency section */
		6F661623223C64EB00F167AE /* PBXTargetDependency */ = {
			isa = PBXTargetDependency;
			target = 6F66160C223C64E600F167AE /* InstaParse */;
			targetProxy = 6F661622223C64EB00F167AE /* PBXContainerItemProxy */;
		};
		6F66162E223C64EB00F167AE /* PBXTargetDependency */ = {
			isa = PBXTargetDependency;
			target = 6F66160C223C64E600F167AE /* InstaParse */;
			targetProxy = 6F66162D223C64EB00F167AE /* PBXContainerItemProxy */;
		};
/* End PBXTargetDependency section */

/* Begin PBXVariantGroup section */
		6F661614223C64E600F167AE /* Main.storyboard */ = {
			isa = PBXVariantGroup;
			children = (
				6F661615223C64E600F167AE /* Base */,
			);
			name = Main.storyboard;
			sourceTree = "<group>";
		};
		6F661619223C64EB00F167AE /* LaunchScreen.storyboard */ = {
			isa = PBXVariantGroup;
			children = (
				6F66161A223C64EB00F167AE /* Base */,
			);
			name = LaunchScreen.storyboard;
			sourceTree = "<group>";
		};
/* End PBXVariantGroup section */

/* Begin XCBuildConfiguration section */
		6F661633223C64EB00F167AE /* Debug */ = {
			isa = XCBuildConfiguration;
			buildSettings = {
				ALWAYS_SEARCH_USER_PATHS = NO;
				CLANG_ANALYZER_NONNULL = YES;
				CLANG_ANALYZER_NUMBER_OBJECT_CONVERSION = YES_AGGRESSIVE;
				CLANG_CXX_LANGUAGE_STANDARD = "gnu++14";
				CLANG_CXX_LIBRARY = "libc++";
				CLANG_ENABLE_MODULES = YES;
				CLANG_ENABLE_OBJC_ARC = YES;
				CLANG_ENABLE_OBJC_WEAK = YES;
				CLANG_WARN_BLOCK_CAPTURE_AUTORELEASING = YES;
				CLANG_WARN_BOOL_CONVERSION = YES;
				CLANG_WARN_COMMA = YES;
				CLANG_WARN_CONSTANT_CONVERSION = YES;
				CLANG_WARN_DEPRECATED_OBJC_IMPLEMENTATIONS = YES;
				CLANG_WARN_DIRECT_OBJC_ISA_USAGE = YES_ERROR;
				CLANG_WARN_DOCUMENTATION_COMMENTS = YES;
				CLANG_WARN_EMPTY_BODY = YES;
				CLANG_WARN_ENUM_CONVERSION = YES;
				CLANG_WARN_INFINITE_RECURSION = YES;
				CLANG_WARN_INT_CONVERSION = YES;
				CLANG_WARN_NON_LITERAL_NULL_CONVERSION = YES;
				CLANG_WARN_OBJC_IMPLICIT_RETAIN_SELF = YES;
				CLANG_WARN_OBJC_LITERAL_CONVERSION = YES;
				CLANG_WARN_OBJC_ROOT_CLASS = YES_ERROR;
				CLANG_WARN_RANGE_LOOP_ANALYSIS = YES;
				CLANG_WARN_STRICT_PROTOTYPES = YES;
				CLANG_WARN_SUSPICIOUS_MOVE = YES;
				CLANG_WARN_UNGUARDED_AVAILABILITY = YES_AGGRESSIVE;
				CLANG_WARN_UNREACHABLE_CODE = YES;
				CLANG_WARN__DUPLICATE_METHOD_MATCH = YES;
				CODE_SIGN_IDENTITY = "iPhone Developer";
				COPY_PHASE_STRIP = NO;
				DEBUG_INFORMATION_FORMAT = dwarf;
				ENABLE_STRICT_OBJC_MSGSEND = YES;
				ENABLE_TESTABILITY = YES;
				GCC_C_LANGUAGE_STANDARD = gnu11;
				GCC_DYNAMIC_NO_PIC = NO;
				GCC_NO_COMMON_BLOCKS = YES;
				GCC_OPTIMIZATION_LEVEL = 0;
				GCC_PREPROCESSOR_DEFINITIONS = (
					"DEBUG=1",
					"$(inherited)",
				);
				GCC_WARN_64_TO_32_BIT_CONVERSION = YES;
				GCC_WARN_ABOUT_RETURN_TYPE = YES_ERROR;
				GCC_WARN_UNDECLARED_SELECTOR = YES;
				GCC_WARN_UNINITIALIZED_AUTOS = YES_AGGRESSIVE;
				GCC_WARN_UNUSED_FUNCTION = YES;
				GCC_WARN_UNUSED_VARIABLE = YES;
				IPHONEOS_DEPLOYMENT_TARGET = 12.1;
				MTL_ENABLE_DEBUG_INFO = INCLUDE_SOURCE;
				MTL_FAST_MATH = YES;
				ONLY_ACTIVE_ARCH = YES;
				SDKROOT = iphoneos;
				SWIFT_ACTIVE_COMPILATION_CONDITIONS = DEBUG;
				SWIFT_OPTIMIZATION_LEVEL = "-Onone";
			};
			name = Debug;
		};
		6F661634223C64EB00F167AE /* Release */ = {
			isa = XCBuildConfiguration;
			buildSettings = {
				ALWAYS_SEARCH_USER_PATHS = NO;
				CLANG_ANALYZER_NONNULL = YES;
				CLANG_ANALYZER_NUMBER_OBJECT_CONVERSION = YES_AGGRESSIVE;
				CLANG_CXX_LANGUAGE_STANDARD = "gnu++14";
				CLANG_CXX_LIBRARY = "libc++";
				CLANG_ENABLE_MODULES = YES;
				CLANG_ENABLE_OBJC_ARC = YES;
				CLANG_ENABLE_OBJC_WEAK = YES;
				CLANG_WARN_BLOCK_CAPTURE_AUTORELEASING = YES;
				CLANG_WARN_BOOL_CONVERSION = YES;
				CLANG_WARN_COMMA = YES;
				CLANG_WARN_CONSTANT_CONVERSION = YES;
				CLANG_WARN_DEPRECATED_OBJC_IMPLEMENTATIONS = YES;
				CLANG_WARN_DIRECT_OBJC_ISA_USAGE = YES_ERROR;
				CLANG_WARN_DOCUMENTATION_COMMENTS = YES;
				CLANG_WARN_EMPTY_BODY = YES;
				CLANG_WARN_ENUM_CONVERSION = YES;
				CLANG_WARN_INFINITE_RECURSION = YES;
				CLANG_WARN_INT_CONVERSION = YES;
				CLANG_WARN_NON_LITERAL_NULL_CONVERSION = YES;
				CLANG_WARN_OBJC_IMPLICIT_RETAIN_SELF = YES;
				CLANG_WARN_OBJC_LITERAL_CONVERSION = YES;
				CLANG_WARN_OBJC_ROOT_CLASS = YES_ERROR;
				CLANG_WARN_RANGE_LOOP_ANALYSIS = YES;
				CLANG_WARN_STRICT_PROTOTYPES = YES;
				CLANG_WARN_SUSPICIOUS_MOVE = YES;
				CLANG_WARN_UNGUARDED_AVAILABILITY = YES_AGGRESSIVE;
				CLANG_WARN_UNREACHABLE_CODE = YES;
				CLANG_WARN__DUPLICATE_METHOD_MATCH = YES;
				CODE_SIGN_IDENTITY = "iPhone Developer";
				COPY_PHASE_STRIP = NO;
				DEBUG_INFORMATION_FORMAT = "dwarf-with-dsym";
				ENABLE_NS_ASSERTIONS = NO;
				ENABLE_STRICT_OBJC_MSGSEND = YES;
				GCC_C_LANGUAGE_STANDARD = gnu11;
				GCC_NO_COMMON_BLOCKS = YES;
				GCC_WARN_64_TO_32_BIT_CONVERSION = YES;
				GCC_WARN_ABOUT_RETURN_TYPE = YES_ERROR;
				GCC_WARN_UNDECLARED_SELECTOR = YES;
				GCC_WARN_UNINITIALIZED_AUTOS = YES_AGGRESSIVE;
				GCC_WARN_UNUSED_FUNCTION = YES;
				GCC_WARN_UNUSED_VARIABLE = YES;
				IPHONEOS_DEPLOYMENT_TARGET = 12.1;
				MTL_ENABLE_DEBUG_INFO = NO;
				MTL_FAST_MATH = YES;
				SDKROOT = iphoneos;
				SWIFT_COMPILATION_MODE = wholemodule;
				SWIFT_OPTIMIZATION_LEVEL = "-O";
				VALIDATE_PRODUCT = YES;
			};
			name = Release;
		};
		6F661636223C64EB00F167AE /* Debug */ = {
			isa = XCBuildConfiguration;
			baseConfigurationReference = 4594D6B93794EBF6A327F3A8 /* Pods-InstaParse.debug.xcconfig */;
			buildSettings = {
				ASSETCATALOG_COMPILER_APPICON_NAME = AppIcon;
				CODE_SIGN_STYLE = Automatic;
				INFOPLIST_FILE = InstaParse/Info.plist;
				LD_RUNPATH_SEARCH_PATHS = (
					"$(inherited)",
					"@executable_path/Frameworks",
				);
				PRODUCT_BUNDLE_IDENTIFIER = com.codepath.InstaParse;
				PRODUCT_NAME = "$(TARGET_NAME)";
				SWIFT_VERSION = 4.2;
				TARGETED_DEVICE_FAMILY = "1,2";
			};
			name = Debug;
		};
		6F661637223C64EB00F167AE /* Release */ = {
			isa = XCBuildConfiguration;
			baseConfigurationReference = FC4E3846D2A172CE6F4E6A53 /* Pods-InstaParse.release.xcconfig */;
			buildSettings = {
				ASSETCATALOG_COMPILER_APPICON_NAME = AppIcon;
				CODE_SIGN_STYLE = Automatic;
				INFOPLIST_FILE = InstaParse/Info.plist;
				LD_RUNPATH_SEARCH_PATHS = (
					"$(inherited)",
					"@executable_path/Frameworks",
				);
				PRODUCT_BUNDLE_IDENTIFIER = com.codepath.InstaParse;
				PRODUCT_NAME = "$(TARGET_NAME)";
				SWIFT_VERSION = 4.2;
				TARGETED_DEVICE_FAMILY = "1,2";
			};
			name = Release;
		};
		6F661639223C64EB00F167AE /* Debug */ = {
			isa = XCBuildConfiguration;
			baseConfigurationReference = B9459E3088260381DFCFF0DB /* Pods-InstaParseTests.debug.xcconfig */;
			buildSettings = {
				ALWAYS_EMBED_SWIFT_STANDARD_LIBRARIES = YES;
				BUNDLE_LOADER = "$(TEST_HOST)";
				CODE_SIGN_STYLE = Automatic;
				INFOPLIST_FILE = InstaParseTests/Info.plist;
				LD_RUNPATH_SEARCH_PATHS = (
					"$(inherited)",
					"@executable_path/Frameworks",
					"@loader_path/Frameworks",
				);
				PRODUCT_BUNDLE_IDENTIFIER = com.codepath.InstaParseTests;
				PRODUCT_NAME = "$(TARGET_NAME)";
				SWIFT_VERSION = 4.2;
				TARGETED_DEVICE_FAMILY = "1,2";
				TEST_HOST = "$(BUILT_PRODUCTS_DIR)/InstaParse.app/InstaParse";
			};
			name = Debug;
		};
		6F66163A223C64EB00F167AE /* Release */ = {
			isa = XCBuildConfiguration;
			baseConfigurationReference = DC4C9166D4E5B9DD0ADC37D6 /* Pods-InstaParseTests.release.xcconfig */;
			buildSettings = {
				ALWAYS_EMBED_SWIFT_STANDARD_LIBRARIES = YES;
				BUNDLE_LOADER = "$(TEST_HOST)";
				CODE_SIGN_STYLE = Automatic;
				INFOPLIST_FILE = InstaParseTests/Info.plist;
				LD_RUNPATH_SEARCH_PATHS = (
					"$(inherited)",
					"@executable_path/Frameworks",
					"@loader_path/Frameworks",
				);
				PRODUCT_BUNDLE_IDENTIFIER = com.codepath.InstaParseTests;
				PRODUCT_NAME = "$(TARGET_NAME)";
				SWIFT_VERSION = 4.2;
				TARGETED_DEVICE_FAMILY = "1,2";
				TEST_HOST = "$(BUILT_PRODUCTS_DIR)/InstaParse.app/InstaParse";
			};
			name = Release;
		};
		6F66163C223C64EB00F167AE /* Debug */ = {
			isa = XCBuildConfiguration;
			baseConfigurationReference = 7AB0F352680C46116FE0BAB7 /* Pods-InstaParseUITests.debug.xcconfig */;
			buildSettings = {
				ALWAYS_EMBED_SWIFT_STANDARD_LIBRARIES = YES;
				CODE_SIGN_STYLE = Automatic;
				INFOPLIST_FILE = InstaParseUITests/Info.plist;
				LD_RUNPATH_SEARCH_PATHS = (
					"$(inherited)",
					"@executable_path/Frameworks",
					"@loader_path/Frameworks",
				);
				PRODUCT_BUNDLE_IDENTIFIER = com.codepath.InstaParseUITests;
				PRODUCT_NAME = "$(TARGET_NAME)";
				SWIFT_VERSION = 4.2;
				TARGETED_DEVICE_FAMILY = "1,2";
				TEST_TARGET_NAME = InstaParse;
			};
			name = Debug;
		};
		6F66163D223C64EB00F167AE /* Release */ = {
			isa = XCBuildConfiguration;
			baseConfigurationReference = 024C6EAEF4A10873C5EA6EE5 /* Pods-InstaParseUITests.release.xcconfig */;
			buildSettings = {
				ALWAYS_EMBED_SWIFT_STANDARD_LIBRARIES = YES;
				CODE_SIGN_STYLE = Automatic;
				INFOPLIST_FILE = InstaParseUITests/Info.plist;
				LD_RUNPATH_SEARCH_PATHS = (
					"$(inherited)",
					"@executable_path/Frameworks",
					"@loader_path/Frameworks",
				);
				PRODUCT_BUNDLE_IDENTIFIER = com.codepath.InstaParseUITests;
				PRODUCT_NAME = "$(TARGET_NAME)";
				SWIFT_VERSION = 4.2;
				TARGETED_DEVICE_FAMILY = "1,2";
				TEST_TARGET_NAME = InstaParse;
			};
			name = Release;
		};
/* End XCBuildConfiguration section */

/* Begin XCConfigurationList section */
		6F661608223C64E600F167AE /* Build configuration list for PBXProject "InstaParse" */ = {
			isa = XCConfigurationList;
			buildConfigurations = (
				6F661633223C64EB00F167AE /* Debug */,
				6F661634223C64EB00F167AE /* Release */,
			);
			defaultConfigurationIsVisible = 0;
			defaultConfigurationName = Release;
		};
		6F661635223C64EB00F167AE /* Build configuration list for PBXNativeTarget "InstaParse" */ = {
			isa = XCConfigurationList;
			buildConfigurations = (
				6F661636223C64EB00F167AE /* Debug */,
				6F661637223C64EB00F167AE /* Release */,
			);
			defaultConfigurationIsVisible = 0;
			defaultConfigurationName = Release;
		};
		6F661638223C64EB00F167AE /* Build configuration list for PBXNativeTarget "InstaParseTests" */ = {
			isa = XCConfigurationList;
			buildConfigurations = (
				6F661639223C64EB00F167AE /* Debug */,
				6F66163A223C64EB00F167AE /* Release */,
			);
			defaultConfigurationIsVisible = 0;
			defaultConfigurationName = Release;
		};
		6F66163B223C64EB00F167AE /* Build configuration list for PBXNativeTarget "InstaParseUITests" */ = {
			isa = XCConfigurationList;
			buildConfigurations = (
				6F66163C223C64EB00F167AE /* Debug */,
				6F66163D223C64EB00F167AE /* Release */,
			);
			defaultConfigurationIsVisible = 0;
			defaultConfigurationName = Release;
		};
/* End XCConfigurationList section */
	};
	rootObject = 6F661605223C64E600F167AE /* Project object */;
}
